
Microsoft Visual Studio Solution File, Format Version 12.00
# Visual Studio 15
Project("{FAE04EC0-301F-11D3-BF4B-00C04F79EFBC}") = "Proto2CS", "Proto2CS.csproj", "{66C0815E-27A1-4590-B0CD-5996B56BEA8D}"
EndProject
Global
	GlobalSection(SolutionConfigurationPlatforms) = preSolution
		Debug|Any CPU = Debug|Any CPU
		Release|Any CPU = Release|Any CPU
	EndGlobalSection
	GlobalSection(ProjectConfigurationPlatforms) = postSolution
		{66C0815E-27A1-4590-B0CD-5996B56BEA8D}.Debug|Any CPU.ActiveCfg = Debug|Any CPU
		{66C0815E-27A1-4590-B0CD-5996B56BEA8D}.Debug|Any CPU.Build.0 = Debug|Any CPU
		{66C0815E-27A1-4590-B0CD-5996B56BEA8D}.Release|Any CPU.ActiveCfg = Release|Any CPU
		{66C0815E-27A1-4590-B0CD-5996B56BEA8D}.Release|Any CPU.Build.0 = Release|Any CPU
	EndGlobalSection
EndGlobal
